
Microsoft Visual Studio Solution File, Format Version 12.00
# Visual Studio Express 2013 for Windows Desktop
VisualStudioVersion = 12.0.40629.0
MinimumVisualStudioVersion = 10.0.40219.1
Project("{FAE04EC0-301F-11D3-BF4B-00C04F79EFBC}") = "meshReader", "meshReader\meshReader.csproj", "{55A65512-1497-4EF3-80D1-8EBD9BC0CDDF}"
EndProject
Project("{FAE04EC0-301F-11D3-BF4B-00C04F79EFBC}") = "meshReaderTest", "meshReaderTest\meshReaderTest.csproj", "{B419558D-1CB7-44B4-8F8F-CB491C04804F}"
EndProject
Project("{8BC9CEB8-8B4A-11D0-8D11-00A0C91BC942}") = "RecastLayer", "RecastLayer\RecastLayer.vcxproj", "{88ABD3DA-803D-4D83-9894-F669B8CFAEAD}"
EndProject
Project("{FAE04EC0-301F-11D3-BF4B-00C04F79EFBC}") = "meshBuilder", "meshBuilder\meshBuilder.csproj", "{11536EC8-063C-48BD-A49E-B7DA7D0C4399}"
EndProject
Project("{FAE04EC0-301F-11D3-BF4B-00C04F79EFBC}") = "meshBuilderGui", "meshBuilderGui\meshBuilderGui.csproj", "{2D77EB80-95DD-4B28-BA8A-345F79F6E3C9}"
EndProject
Project("{FAE04EC0-301F-11D3-BF4B-00C04F79EFBC}") = "meshPather", "meshPather\meshPather.csproj", "{AC6A0F0E-0AC1-4687-A484-323FBB3C7E97}"
EndProject
Project("{2150E333-8FDC-42A3-9474-1A3956D46DE8}") = "Utility", "Utility", "{D38B65F1-716B-49E4-9F51-90D71FBB62DF}"
EndProject
Project("{FAE04EC0-301F-11D3-BF4B-00C04F79EFBC}") = "meshDatabase", "meshDatabase\meshDatabase.csproj", "{A7997652-1C78-4C0F-9D4E-31F64501D555}"
EndProject
Project("{FAE04EC0-301F-11D3-BF4B-00C04F79EFBC}") = "meshPathVisualizer", "meshPathVisualizer\meshPathVisualizer.csproj", "{BC3C07B1-3070-4A23-BA61-BE99EE9106F8}"
EndProject
Project("{FAE04EC0-301F-11D3-BF4B-00C04F79EFBC}") = "TryPatherFindConsole", "TryPatherFindConsole\TryPatherFindConsole.csproj", "{DB5166A0-A6E8-4EEA-BFDC-D2FEC858F5E1}"
EndProject
Project("{FAE04EC0-301F-11D3-BF4B-00C04F79EFBC}") = "CascLib", "CascLib\CascLib.csproj", "{E08E1E48-6585-4137-8405-661C62C10713}"
EndProject
Global
	GlobalSection(SolutionConfigurationPlatforms) = preSolution
		Debug|x64 = Debug|x64
		Debug|x86 = Debug|x86
		Release|x64 = Release|x64
		Release|x86 = Release|x86
	EndGlobalSection
	GlobalSection(ProjectConfigurationPlatforms) = postSolution
		{55A65512-1497-4EF3-80D1-8EBD9BC0CDDF}.Debug|x64.ActiveCfg = Debug|x64
		{55A65512-1497-4EF3-80D1-8EBD9BC0CDDF}.Debug|x64.Build.0 = Debug|x64
		{55A65512-1497-4EF3-80D1-8EBD9BC0CDDF}.Debug|x86.ActiveCfg = Debug|x86
		{55A65512-1497-4EF3-80D1-8EBD9BC0CDDF}.Debug|x86.Build.0 = Debug|x86
		{55A65512-1497-4EF3-80D1-8EBD9BC0CDDF}.Release|x64.ActiveCfg = Release|x64
		{55A65512-1497-4EF3-80D1-8EBD9BC0CDDF}.Release|x64.Build.0 = Release|x64
		{55A65512-1497-4EF3-80D1-8EBD9BC0CDDF}.Release|x86.ActiveCfg = Release|x86
		{55A65512-1497-4EF3-80D1-8EBD9BC0CDDF}.Release|x86.Build.0 = Release|x86
		{B419558D-1CB7-44B4-8F8F-CB491C04804F}.Debug|x64.ActiveCfg = Debug|x64
		{B419558D-1CB7-44B4-8F8F-CB491C04804F}.Debug|x64.Build.0 = Debug|x64
		{B419558D-1CB7-44B4-8F8F-CB491C04804F}.Debug|x86.ActiveCfg = Debug|x86
		{B419558D-1CB7-44B4-8F8F-CB491C04804F}.Debug|x86.Build.0 = Debug|x86
		{B419558D-1CB7-44B4-8F8F-CB491C04804F}.Release|x64.ActiveCfg = Release|x64
		{B419558D-1CB7-44B4-8F8F-CB491C04804F}.Release|x64.Build.0 = Release|x64
		{B419558D-1CB7-44B4-8F8F-CB491C04804F}.Release|x86.ActiveCfg = Release|x86
		{B419558D-1CB7-44B4-8F8F-CB491C04804F}.Release|x86.Build.0 = Release|x86
		{88ABD3DA-803D-4D83-9894-F669B8CFAEAD}.Debug|x64.ActiveCfg = Debug|x64
		{88ABD3DA-803D-4D83-9894-F669B8CFAEAD}.Debug|x64.Build.0 = Debug|x64
		{88ABD3DA-803D-4D83-9894-F669B8CFAEAD}.Debug|x86.ActiveCfg = Debug|Win32
		{88ABD3DA-803D-4D83-9894-F669B8CFAEAD}.Debug|x86.Build.0 = Debug|Win32
		{88ABD3DA-803D-4D83-9894-F669B8CFAEAD}.Release|x64.ActiveCfg = Release|x64
		{88ABD3DA-803D-4D83-9894-F669B8CFAEAD}.Release|x64.Build.0 = Release|x64
		{88ABD3DA-803D-4D83-9894-F669B8CFAEAD}.Release|x86.ActiveCfg = Release|Win32
		{88ABD3DA-803D-4D83-9894-F669B8CFAEAD}.Release|x86.Build.0 = Release|Win32
		{11536EC8-063C-48BD-A49E-B7DA7D0C4399}.Debug|x64.ActiveCfg = Debug|x64
		{11536EC8-063C-48BD-A49E-B7DA7D0C4399}.Debug|x64.Build.0 = Debug|x64
		{11536EC8-063C-48BD-A49E-B7DA7D0C4399}.Debug|x86.ActiveCfg = Debug|x86
		{11536EC8-063C-48BD-A49E-B7DA7D0C4399}.Debug|x86.Build.0 = Debug|x86
		{11536EC8-063C-48BD-A49E-B7DA7D0C4399}.Release|x64.ActiveCfg = Release|x64
		{11536EC8-063C-48BD-A49E-B7DA7D0C4399}.Release|x64.Build.0 = Release|x64
		{11536EC8-063C-48BD-A49E-B7DA7D0C4399}.Release|x86.ActiveCfg = Release|x86
		{11536EC8-063C-48BD-A49E-B7DA7D0C4399}.Release|x86.Build.0 = Release|x86
		{2D77EB80-95DD-4B28-BA8A-345F79F6E3C9}.Debug|x64.ActiveCfg = Debug|x64
		{2D77EB80-95DD-4B28-BA8A-345F79F6E3C9}.Debug|x64.Build.0 = Debug|x64
		{2D77EB80-95DD-4B28-BA8A-345F79F6E3C9}.Debug|x86.ActiveCfg = Debug|x86
		{2D77EB80-95DD-4B28-BA8A-345F79F6E3C9}.Debug|x86.Build.0 = Debug|x86
		{2D77EB80-95DD-4B28-BA8A-345F79F6E3C9}.Release|x64.ActiveCfg = Release|x64
		{2D77EB80-95DD-4B28-BA8A-345F79F6E3C9}.Release|x64.Build.0 = Release|x64
		{2D77EB80-95DD-4B28-BA8A-345F79F6E3C9}.Release|x86.ActiveCfg = Release|x86
		{2D77EB80-95DD-4B28-BA8A-345F79F6E3C9}.Release|x86.Build.0 = Release|x86
		{AC6A0F0E-0AC1-4687-A484-323FBB3C7E97}.Debug|x64.ActiveCfg = Debug|x64
		{AC6A0F0E-0AC1-4687-A484-323FBB3C7E97}.Debug|x64.Build.0 = Debug|x64
		{AC6A0F0E-0AC1-4687-A484-323FBB3C7E97}.Debug|x86.ActiveCfg = Debug|x86
		{AC6A0F0E-0AC1-4687-A484-323FBB3C7E97}.Debug|x86.Build.0 = Debug|x86
		{AC6A0F0E-0AC1-4687-A484-323FBB3C7E97}.Release|x64.ActiveCfg = Release|x64
		{AC6A0F0E-0AC1-4687-A484-323FBB3C7E97}.Release|x64.Build.0 = Release|x64
		{AC6A0F0E-0AC1-4687-A484-323FBB3C7E97}.Release|x86.ActiveCfg = Release|x86
		{AC6A0F0E-0AC1-4687-A484-323FBB3C7E97}.Release|x86.Build.0 = Release|x86
		{A7997652-1C78-4C0F-9D4E-31F64501D555}.Debug|x64.ActiveCfg = Debug|x64
		{A7997652-1C78-4C0F-9D4E-31F64501D555}.Debug|x64.Build.0 = Debug|x64
		{A7997652-1C78-4C0F-9D4E-31F64501D555}.Debug|x86.ActiveCfg = Debug|x86
		{A7997652-1C78-4C0F-9D4E-31F64501D555}.Debug|x86.Build.0 = Debug|x86
		{A7997652-1C78-4C0F-9D4E-31F64501D555}.Release|x64.ActiveCfg = Release|x64
		{A7997652-1C78-4C0F-9D4E-31F64501D555}.Release|x64.Build.0 = Release|x64
		{A7997652-1C78-4C0F-9D4E-31F64501D555}.Release|x86.ActiveCfg = Release|x86
		{A7997652-1C78-4C0F-9D4E-31F64501D555}.Release|x86.Build.0 = Release|x86
		{BC3C07B1-3070-4A23-BA61-BE99EE9106F8}.Debug|x64.ActiveCfg = Debug|x64
		{BC3C07B1-3070-4A23-BA61-BE99EE9106F8}.Debug|x64.Build.0 = Debug|x64
		{BC3C07B1-3070-4A23-BA61-BE99EE9106F8}.Debug|x86.ActiveCfg = Debug|x86
		{BC3C07B1-3070-4A23-BA61-BE99EE9106F8}.Debug|x86.Build.0 = Debug|x86
		{BC3C07B1-3070-4A23-BA61-BE99EE9106F8}.Release|x64.ActiveCfg = Release|x64
		{BC3C07B1-3070-4A23-BA61-BE99EE9106F8}.Release|x64.Build.0 = Release|x64
		{BC3C07B1-3070-4A23-BA61-BE99EE9106F8}.Release|x86.ActiveCfg = Release|x86
		{BC3C07B1-3070-4A23-BA61-BE99EE9106F8}.Release|x86.Build.0 = Release|x86
		{DB5166A0-A6E8-4EEA-BFDC-D2FEC858F5E1}.Debug|x64.ActiveCfg = Debug|x64
		{DB5166A0-A6E8-4EEA-BFDC-D2FEC858F5E1}.Debug|x64.Build.0 = Debug|x64
		{DB5166A0-A6E8-4EEA-BFDC-D2FEC858F5E1}.Debug|x86.ActiveCfg = Debug|x86
		{DB5166A0-A6E8-4EEA-BFDC-D2FEC858F5E1}.Debug|x86.Build.0 = Debug|x86
		{DB5166A0-A6E8-4EEA-BFDC-D2FEC858F5E1}.Release|x64.ActiveCfg = Release|x64
		{DB5166A0-A6E8-4EEA-BFDC-D2FEC858F5E1}.Release|x64.Build.0 = Release|x64
		{DB5166A0-A6E8-4EEA-BFDC-D2FEC858F5E1}.Release|x86.ActiveCfg = Release|x86
		{DB5166A0-A6E8-4EEA-BFDC-D2FEC858F5E1}.Release|x86.Build.0 = Release|x86
		{E08E1E48-6585-4137-8405-661C62C10713}.Debug|x64.ActiveCfg = Debug|x64
		{E08E1E48-6585-4137-8405-661C62C10713}.Debug|x64.Build.0 = Debug|x64
		{E08E1E48-6585-4137-8405-661C62C10713}.Debug|x86.ActiveCfg = Debug|x64
		{E08E1E48-6585-4137-8405-661C62C10713}.Debug|x86.Build.0 = Debug|x64
		{E08E1E48-6585-4137-8405-661C62C10713}.Release|x64.ActiveCfg = Release|x64
		{E08E1E48-6585-4137-8405-661C62C10713}.Release|x64.Build.0 = Release|x64
		{E08E1E48-6585-4137-8405-661C62C10713}.Release|x86.ActiveCfg = Release|x86
		{E08E1E48-6585-4137-8405-661C62C10713}.Release|x86.Build.0 = Release|x86
	EndGlobalSection
	GlobalSection(SolutionProperties) = preSolution
		HideSolutionNode = FALSE
	EndGlobalSection
	GlobalSection(NestedProjects) = preSolution
		{BC3C07B1-3070-4A23-BA61-BE99EE9106F8} = {D38B65F1-716B-49E4-9F51-90D71FBB62DF}
	EndGlobalSection
	GlobalSection(SubversionScc) = preSolution
		Svn-Managed = True
		Manager = AnkhSVN - Subversion Support for Visual Studio
	EndGlobalSection
EndGlobal
