
Microsoft Visual Studio Solution File, Format Version 12.00
# Visual Studio Express 2013 for Windows Desktop
VisualStudioVersion = 12.0.31101.0
MinimumVisualStudioVersion = 10.0.40219.1
Project("{FAE04EC0-301F-11D3-BF4B-00C04F79EFBC}") = "The Noob Bot", "The Noob Bot\The Noob Bot.csproj", "{18E3D1BE-0EFC-4E04-9BDD-20BF8A60B53D}"
	ProjectSection(ProjectDependencies) = postProject
		{795DAD05-8002-4741-9EFC-1740C44F930D} = {795DAD05-8002-4741-9EFC-1740C44F930D}
		{96CA8810-5B34-47A7-8253-EDCA42FA02C4} = {96CA8810-5B34-47A7-8253-EDCA42FA02C4}
		{F13FB210-8C6E-4566-9612-42AE6DE93A3E} = {F13FB210-8C6E-4566-9612-42AE6DE93A3E}
		{748C2F11-7470-42D9-9878-B4C77456F482} = {748C2F11-7470-42D9-9878-B4C77456F482}
		{00462F13-F999-46DD-87A6-79123A3E678C} = {00462F13-F999-46DD-87A6-79123A3E678C}
		{400F0014-160A-4D26-82B3-25A89B525D1C} = {400F0014-160A-4D26-82B3-25A89B525D1C}
		{A95AC91C-AF5E-42DB-97E2-99D2694ACD9D} = {A95AC91C-AF5E-42DB-97E2-99D2694ACD9D}
		{671C7421-0844-4925-BD52-F7F6736817D7} = {671C7421-0844-4925-BD52-F7F6736817D7}
		{93FEC02A-C062-46A2-BAA0-0705134B961B} = {93FEC02A-C062-46A2-BAA0-0705134B961B}
		{2164D12E-7B5F-46AC-97FD-97D15C327F6D} = {2164D12E-7B5F-46AC-97FD-97D15C327F6D}
		{D683743A-8F1D-4950-BCA9-7CFAA743BD48} = {D683743A-8F1D-4950-BCA9-7CFAA743BD48}
		{DD5F7A3D-85A9-479F-B3AE-2315C27F666E} = {DD5F7A3D-85A9-479F-B3AE-2315C27F666E}
		{3839C551-04FA-4691-AD29-22213D3D41FA} = {3839C551-04FA-4691-AD29-22213D3D41FA}
		{86446A5F-B43E-4449-B30C-E626B5A1ABD5} = {86446A5F-B43E-4449-B30C-E626B5A1ABD5}
		{E321286C-4B1F-40A2-8880-14C29AF1BF9B} = {E321286C-4B1F-40A2-8880-14C29AF1BF9B}
		{1A9E977D-F935-4AA6-818C-ED44E59DCE1A} = {1A9E977D-F935-4AA6-818C-ED44E59DCE1A}
		{B9E62B7F-0820-44C1-A025-D6D13E058CDF} = {B9E62B7F-0820-44C1-A025-D6D13E058CDF}
		{2EDB8591-B05E-4083-BFC2-FA8404807C3C} = {2EDB8591-B05E-4083-BFC2-FA8404807C3C}
		{78B913A3-17CE-4302-BD3A-74315F0D954D} = {78B913A3-17CE-4302-BD3A-74315F0D954D}
		{69CCAEA8-2B04-43AD-8DB6-5A1F246FD1EC} = {69CCAEA8-2B04-43AD-8DB6-5A1F246FD1EC}
		{A8132AB2-0398-40BB-964F-D71DD83E55C9} = {A8132AB2-0398-40BB-964F-D71DD83E55C9}
		{7AFCF1B4-C1C3-4769-B35E-D8C434317773} = {7AFCF1B4-C1C3-4769-B35E-D8C434317773}
		{53AA21C4-4B2A-42EC-8345-1A6B281B826A} = {53AA21C4-4B2A-42EC-8345-1A6B281B826A}
		{88ABD3DA-803D-4D83-9894-F669B8CFAEAD} = {88ABD3DA-803D-4D83-9894-F669B8CFAEAD}
		{C84ABEEA-C0E4-402F-85AF-8A5FE381AC3C} = {C84ABEEA-C0E4-402F-85AF-8A5FE381AC3C}
		{D7BCECEA-F770-4CFC-BA43-EB34A2639951} = {D7BCECEA-F770-4CFC-BA43-EB34A2639951}
		{C12400F5-5456-46B3-A154-09E0F6EBF3BB} = {C12400F5-5456-46B3-A154-09E0F6EBF3BB}
	EndProjectSection
EndProject
Project("{FAE04EC0-301F-11D3-BF4B-00C04F79EFBC}") = "nManager", "nManager\nManager.csproj", "{FF49172B-7F6D-4B49-AA3B-D6D817CB0862}"
EndProject
Project("{8BC9CEB8-8B4A-11D0-8D11-00A0C91BC942}") = "RecastLayer", "RecastLayer\RecastLayer.vcxproj", "{88ABD3DA-803D-4D83-9894-F669B8CFAEAD}"
EndProject
Project("{FAE04EC0-301F-11D3-BF4B-00C04F79EFBC}") = "Gatherer", "Gatherer\Gatherer.csproj", "{E321286C-4B1F-40A2-8880-14C29AF1BF9B}"
EndProject
Project("{FAE04EC0-301F-11D3-BF4B-00C04F79EFBC}") = "Profiles Converters", "Profiles Converters\Profiles Converters.csproj", "{DD5F7A3D-85A9-479F-B3AE-2315C27F666E}"
EndProject
Project("{FAE04EC0-301F-11D3-BF4B-00C04F79EFBC}") = "Prospecting", "Prospecting\Prospecting.csproj", "{C12400F5-5456-46B3-A154-09E0F6EBF3BB}"
EndProject
Project("{FAE04EC0-301F-11D3-BF4B-00C04F79EFBC}") = "Archaeologist", "Archaeologist\Archaeologist.csproj", "{A95AC91C-AF5E-42DB-97E2-99D2694ACD9D}"
EndProject
Project("{FAE04EC0-301F-11D3-BF4B-00C04F79EFBC}") = "Fisherbot", "Fisherbot\Fisherbot.csproj", "{A8132AB2-0398-40BB-964F-D71DD83E55C9}"
EndProject
Project("{FAE04EC0-301F-11D3-BF4B-00C04F79EFBC}") = "Grinder", "Grinder\Grinder.csproj", "{93FEC02A-C062-46A2-BAA0-0705134B961B}"
EndProject
Project("{FAE04EC0-301F-11D3-BF4B-00C04F79EFBC}") = "Test Product", "Test Product\Test Product.csproj", "{C84ABEEA-C0E4-402F-85AF-8A5FE381AC3C}"
EndProject
Project("{FAE04EC0-301F-11D3-BF4B-00C04F79EFBC}") = "Tracker", "Tracker\Tracker.csproj", "{D7BCECEA-F770-4CFC-BA43-EB34A2639951}"
EndProject
Project("{FAE04EC0-301F-11D3-BF4B-00C04F79EFBC}") = "Battlegrounder", "Battlegrounder\Battlegrounder.csproj", "{400F0014-160A-4D26-82B3-25A89B525D1C}"
	ProjectSection(ProjectDependencies) = postProject
		{FF49172B-7F6D-4B49-AA3B-D6D817CB0862} = {FF49172B-7F6D-4B49-AA3B-D6D817CB0862}
	EndProjectSection
EndProject
Project("{FAE04EC0-301F-11D3-BF4B-00C04F79EFBC}") = "Quester", "Quester\Quester.csproj", "{96CA8810-5B34-47A7-8253-EDCA42FA02C4}"
EndProject
Project("{FAE04EC0-301F-11D3-BF4B-00C04F79EFBC}") = "Milling", "Milling\Milling.csproj", "{00462F13-F999-46DD-87A6-79123A3E678C}"
EndProject
Project("{FAE04EC0-301F-11D3-BF4B-00C04F79EFBC}") = "Damage Dealer", "Damage Dealer\Damage Dealer.csproj", "{3839C551-04FA-4691-AD29-22213D3D41FA}"
EndProject
Project("{FAE04EC0-301F-11D3-BF4B-00C04F79EFBC}") = "TheNoobBotCP", "TheNoobBotCP\TheNoobBotCP.csproj", "{F13FB210-8C6E-4566-9612-42AE6DE93A3E}"
EndProject
Project("{FAE04EC0-301F-11D3-BF4B-00C04F79EFBC}") = "HealerClass", "Tnb_HealerClass\HealerClass.csproj", "{2EDB8591-B05E-4083-BFC2-FA8404807C3C}"
EndProject
Project("{FAE04EC0-301F-11D3-BF4B-00C04F79EFBC}") = "Heal Bot", "Heal Bot\Heal Bot.csproj", "{7AFCF1B4-C1C3-4769-B35E-D8C434317773}"
EndProject
Project("{FAE04EC0-301F-11D3-BF4B-00C04F79EFBC}") = "Flying To Ground Profiles Converter", "Flying To Ground Profiles Converter\Flying To Ground Profiles Converter.csproj", "{86446A5F-B43E-4449-B30C-E626B5A1ABD5}"
EndProject
Project("{FAE04EC0-301F-11D3-BF4B-00C04F79EFBC}") = "Mimesis", "Mimesis\Mimesis.csproj", "{1A9E977D-F935-4AA6-818C-ED44E59DCE1A}"
EndProject
Project("{FAE04EC0-301F-11D3-BF4B-00C04F79EFBC}") = "TnbAutoInterrupt", "TnbAutoInterrupt\TnbAutoInterrupt.csproj", "{795DAD05-8002-4741-9EFC-1740C44F930D}"
EndProject
Project("{FAE04EC0-301F-11D3-BF4B-00C04F79EFBC}") = "TnbAutoEquipper", "TnbAutoEquipper\TnbAutoEquipper.csproj", "{748C2F11-7470-42D9-9878-B4C77456F482}"
EndProject
Project("{FAE04EC0-301F-11D3-BF4B-00C04F79EFBC}") = "TnbBroadcaster", "TnbBroadcaster\TnbBroadcaster.csproj", "{B9E62B7F-0820-44C1-A025-D6D13E058CDF}"
EndProject
Project("{FAE04EC0-301F-11D3-BF4B-00C04F79EFBC}") = "DungeonFarmer", "Dungeon Farmer\DungeonFarmer.csproj", "{78B913A3-17CE-4302-BD3A-74315F0D954D}"
EndProject
Project("{FAE04EC0-301F-11D3-BF4B-00C04F79EFBC}") = "CEREAutoUseItem", "CEREAutoUseItem\CEREAutoUseItem.csproj", "{2164D12E-7B5F-46AC-97FD-97D15C327F6D}"
EndProject
Project("{FAE04EC0-301F-11D3-BF4B-00C04F79EFBC}") = "CEREWhisperForwarding", "CEREWhisperForwarding\CEREWhisperForwarding.csproj", "{53AA21C4-4B2A-42EC-8345-1A6B281B826A}"
EndProject
Project("{FAE04EC0-301F-11D3-BF4B-00C04F79EFBC}") = "TnbNPCRadar", "TnbNPCRadar\TnbNPCRadar.csproj", "{671C7421-0844-4925-BD52-F7F6736817D7}"
EndProject
Project("{FAE04EC0-301F-11D3-BF4B-00C04F79EFBC}") = "GarrisonFarming", "GarrisonFarming\GarrisonFarming.csproj", "{69CCAEA8-2B04-43AD-8DB6-5A1F246FD1EC}"
EndProject
Project("{FAE04EC0-301F-11D3-BF4B-00C04F79EFBC}") = "TheNoobScheduler", "TheNoobScheduler\TheNoobScheduler.csproj", "{D683743A-8F1D-4950-BCA9-7CFAA743BD48}"
	ProjectSection(ProjectDependencies) = postProject
		{795DAD05-8002-4741-9EFC-1740C44F930D} = {795DAD05-8002-4741-9EFC-1740C44F930D}
		{96CA8810-5B34-47A7-8253-EDCA42FA02C4} = {96CA8810-5B34-47A7-8253-EDCA42FA02C4}
		{F13FB210-8C6E-4566-9612-42AE6DE93A3E} = {F13FB210-8C6E-4566-9612-42AE6DE93A3E}
		{748C2F11-7470-42D9-9878-B4C77456F482} = {748C2F11-7470-42D9-9878-B4C77456F482}
		{00462F13-F999-46DD-87A6-79123A3E678C} = {00462F13-F999-46DD-87A6-79123A3E678C}
		{400F0014-160A-4D26-82B3-25A89B525D1C} = {400F0014-160A-4D26-82B3-25A89B525D1C}
		{A95AC91C-AF5E-42DB-97E2-99D2694ACD9D} = {A95AC91C-AF5E-42DB-97E2-99D2694ACD9D}
		{671C7421-0844-4925-BD52-F7F6736817D7} = {671C7421-0844-4925-BD52-F7F6736817D7}
		{93FEC02A-C062-46A2-BAA0-0705134B961B} = {93FEC02A-C062-46A2-BAA0-0705134B961B}
		{2164D12E-7B5F-46AC-97FD-97D15C327F6D} = {2164D12E-7B5F-46AC-97FD-97D15C327F6D}
		{DD5F7A3D-85A9-479F-B3AE-2315C27F666E} = {DD5F7A3D-85A9-479F-B3AE-2315C27F666E}
		{3839C551-04FA-4691-AD29-22213D3D41FA} = {3839C551-04FA-4691-AD29-22213D3D41FA}
		{86446A5F-B43E-4449-B30C-E626B5A1ABD5} = {86446A5F-B43E-4449-B30C-E626B5A1ABD5}
		{E321286C-4B1F-40A2-8880-14C29AF1BF9B} = {E321286C-4B1F-40A2-8880-14C29AF1BF9B}
		{1A9E977D-F935-4AA6-818C-ED44E59DCE1A} = {1A9E977D-F935-4AA6-818C-ED44E59DCE1A}
		{B9E62B7F-0820-44C1-A025-D6D13E058CDF} = {B9E62B7F-0820-44C1-A025-D6D13E058CDF}
		{2EDB8591-B05E-4083-BFC2-FA8404807C3C} = {2EDB8591-B05E-4083-BFC2-FA8404807C3C}
		{78B913A3-17CE-4302-BD3A-74315F0D954D} = {78B913A3-17CE-4302-BD3A-74315F0D954D}
		{69CCAEA8-2B04-43AD-8DB6-5A1F246FD1EC} = {69CCAEA8-2B04-43AD-8DB6-5A1F246FD1EC}
		{A8132AB2-0398-40BB-964F-D71DD83E55C9} = {A8132AB2-0398-40BB-964F-D71DD83E55C9}
		{7AFCF1B4-C1C3-4769-B35E-D8C434317773} = {7AFCF1B4-C1C3-4769-B35E-D8C434317773}
		{53AA21C4-4B2A-42EC-8345-1A6B281B826A} = {53AA21C4-4B2A-42EC-8345-1A6B281B826A}
		{88ABD3DA-803D-4D83-9894-F669B8CFAEAD} = {88ABD3DA-803D-4D83-9894-F669B8CFAEAD}
		{C84ABEEA-C0E4-402F-85AF-8A5FE381AC3C} = {C84ABEEA-C0E4-402F-85AF-8A5FE381AC3C}
		{D7BCECEA-F770-4CFC-BA43-EB34A2639951} = {D7BCECEA-F770-4CFC-BA43-EB34A2639951}
		{C12400F5-5456-46B3-A154-09E0F6EBF3BB} = {C12400F5-5456-46B3-A154-09E0F6EBF3BB}
	EndProjectSection
EndProject
Project("{8BC9CEB8-8B4A-11D0-8D11-00A0C91BC942}") = "fasmdll_managed", "fasmdll_managed\fasmdll_managed.vcxproj", "{61D8CF34-1FD7-4A01-BEC1-1A8E8050A9C6}"
EndProject
Project("{FAE04EC0-301F-11D3-BF4B-00C04F79EFBC}") = "TnbWarriorRotations", "Tnb_Warrior\TnbWarriorRotations.csproj", "{B5BD832D-2D08-4C8A-87AE-A5D73CB0C701}"
EndProject
Project("{FAE04EC0-301F-11D3-BF4B-00C04F79EFBC}") = "TnbWarlockRotations", "Tnb_Warlock\TnbWarlockRotations.csproj", "{7247C596-F8D7-486B-8A45-73F7042BE9E5}"
EndProject
Project("{FAE04EC0-301F-11D3-BF4B-00C04F79EFBC}") = "TnbShamanRotations", "Tnb_Shaman\TnbShamanRotations.csproj", "{2AF6718C-338F-4640-98AE-3ABAB70BE0AB}"
EndProject
Project("{FAE04EC0-301F-11D3-BF4B-00C04F79EFBC}") = "TnbRogueRotations", "Tnb_Rogue\TnbRogueRotations.csproj", "{B51501CE-B28F-48C9-9E9A-DFDF00C4B29B}"
EndProject
Project("{FAE04EC0-301F-11D3-BF4B-00C04F79EFBC}") = "TnbPriestRotations", "Tnb_Priest\TnbPriestRotations.csproj", "{31863596-C369-42E7-8D97-F91020E4AE4E}"
EndProject
Project("{FAE04EC0-301F-11D3-BF4B-00C04F79EFBC}") = "TnbPaladinRotations", "Tnb_Paladin\TnbPaladinRotations.csproj", "{AFFE67E8-B2A2-46EF-8050-BD212CF4C482}"
EndProject
Project("{FAE04EC0-301F-11D3-BF4B-00C04F79EFBC}") = "TnbMageRotations", "Tnb_Mage\TnbMageRotations.csproj", "{418FC9FD-26B9-4125-8B49-E3672BE37B09}"
EndProject
Project("{FAE04EC0-301F-11D3-BF4B-00C04F79EFBC}") = "TnbMonkRotations", "Tnb_Monk\TnbMonkRotations.csproj", "{12AA74DD-DB52-4198-BC44-CF5BA2DEF3C0}"
EndProject
Project("{FAE04EC0-301F-11D3-BF4B-00C04F79EFBC}") = "TnbHunterRotations", "Tnb_Hunter\TnbHunterRotations.csproj", "{71E4AC85-322D-4E42-B0C4-EFCAE99C353A}"
EndProject
Project("{FAE04EC0-301F-11D3-BF4B-00C04F79EFBC}") = "TnbDeathknightRotations", "Tnb_Deathknight\TnbDeathknightRotations.csproj", "{5B32DCEE-FBC1-4329-8664-292BDEC99E53}"
EndProject
Project("{FAE04EC0-301F-11D3-BF4B-00C04F79EFBC}") = "TnbDemonHunterRotations", "Tnb_DemonHunter\TnbDemonHunterRotations.csproj", "{8F6D35B4-E5E1-4A8F-BDEF-6E1B484098D0}"
EndProject
Project("{FAE04EC0-301F-11D3-BF4B-00C04F79EFBC}") = "TnbDruidRotations", "Tnb_Druid\TnbDruidRotations.csproj", "{B659556F-0E93-4EEC-B404-0CAAF3436F03}"
EndProject
Global
	GlobalSection(SolutionConfigurationPlatforms) = preSolution
		Debug|x86 = Debug|x86
		Release|x86 = Release|x86
	EndGlobalSection
	GlobalSection(ProjectConfigurationPlatforms) = postSolution
		{18E3D1BE-0EFC-4E04-9BDD-20BF8A60B53D}.Debug|x86.ActiveCfg = Debug|x86
		{18E3D1BE-0EFC-4E04-9BDD-20BF8A60B53D}.Debug|x86.Build.0 = Debug|x86
		{18E3D1BE-0EFC-4E04-9BDD-20BF8A60B53D}.Release|x86.ActiveCfg = Release|x86
		{18E3D1BE-0EFC-4E04-9BDD-20BF8A60B53D}.Release|x86.Build.0 = Release|x86
		{FF49172B-7F6D-4B49-AA3B-D6D817CB0862}.Debug|x86.ActiveCfg = Debug|x86
		{FF49172B-7F6D-4B49-AA3B-D6D817CB0862}.Debug|x86.Build.0 = Debug|x86
		{FF49172B-7F6D-4B49-AA3B-D6D817CB0862}.Release|x86.ActiveCfg = Release|x86
		{FF49172B-7F6D-4B49-AA3B-D6D817CB0862}.Release|x86.Build.0 = Release|x86
		{88ABD3DA-803D-4D83-9894-F669B8CFAEAD}.Debug|x86.ActiveCfg = Debug|Win32
		{88ABD3DA-803D-4D83-9894-F669B8CFAEAD}.Debug|x86.Build.0 = Debug|Win32
		{88ABD3DA-803D-4D83-9894-F669B8CFAEAD}.Release|x86.ActiveCfg = Release|Win32
		{88ABD3DA-803D-4D83-9894-F669B8CFAEAD}.Release|x86.Build.0 = Release|Win32
		{E321286C-4B1F-40A2-8880-14C29AF1BF9B}.Debug|x86.ActiveCfg = Debug|x86
		{E321286C-4B1F-40A2-8880-14C29AF1BF9B}.Debug|x86.Build.0 = Debug|x86
		{E321286C-4B1F-40A2-8880-14C29AF1BF9B}.Release|x86.ActiveCfg = Release|x86
		{E321286C-4B1F-40A2-8880-14C29AF1BF9B}.Release|x86.Build.0 = Release|x86
		{DD5F7A3D-85A9-479F-B3AE-2315C27F666E}.Debug|x86.ActiveCfg = Debug|x86
		{DD5F7A3D-85A9-479F-B3AE-2315C27F666E}.Debug|x86.Build.0 = Debug|x86
		{DD5F7A3D-85A9-479F-B3AE-2315C27F666E}.Release|x86.ActiveCfg = Release|x86
		{DD5F7A3D-85A9-479F-B3AE-2315C27F666E}.Release|x86.Build.0 = Release|x86
		{C12400F5-5456-46B3-A154-09E0F6EBF3BB}.Debug|x86.ActiveCfg = Debug|x86
		{C12400F5-5456-46B3-A154-09E0F6EBF3BB}.Debug|x86.Build.0 = Debug|x86
		{C12400F5-5456-46B3-A154-09E0F6EBF3BB}.Release|x86.ActiveCfg = Release|x86
		{C12400F5-5456-46B3-A154-09E0F6EBF3BB}.Release|x86.Build.0 = Release|x86
		{A95AC91C-AF5E-42DB-97E2-99D2694ACD9D}.Debug|x86.ActiveCfg = Debug|x86
		{A95AC91C-AF5E-42DB-97E2-99D2694ACD9D}.Debug|x86.Build.0 = Debug|x86
		{A95AC91C-AF5E-42DB-97E2-99D2694ACD9D}.Release|x86.ActiveCfg = Release|x86
		{A95AC91C-AF5E-42DB-97E2-99D2694ACD9D}.Release|x86.Build.0 = Release|x86
		{A8132AB2-0398-40BB-964F-D71DD83E55C9}.Debug|x86.ActiveCfg = Debug|x86
		{A8132AB2-0398-40BB-964F-D71DD83E55C9}.Debug|x86.Build.0 = Debug|x86
		{A8132AB2-0398-40BB-964F-D71DD83E55C9}.Release|x86.ActiveCfg = Release|x86
		{A8132AB2-0398-40BB-964F-D71DD83E55C9}.Release|x86.Build.0 = Release|x86
		{93FEC02A-C062-46A2-BAA0-0705134B961B}.Debug|x86.ActiveCfg = Debug|x86
		{93FEC02A-C062-46A2-BAA0-0705134B961B}.Debug|x86.Build.0 = Debug|x86
		{93FEC02A-C062-46A2-BAA0-0705134B961B}.Release|x86.ActiveCfg = Release|x86
		{93FEC02A-C062-46A2-BAA0-0705134B961B}.Release|x86.Build.0 = Release|x86
		{C84ABEEA-C0E4-402F-85AF-8A5FE381AC3C}.Debug|x86.ActiveCfg = Debug|x86
		{C84ABEEA-C0E4-402F-85AF-8A5FE381AC3C}.Debug|x86.Build.0 = Debug|x86
		{C84ABEEA-C0E4-402F-85AF-8A5FE381AC3C}.Release|x86.ActiveCfg = Release|x86
		{C84ABEEA-C0E4-402F-85AF-8A5FE381AC3C}.Release|x86.Build.0 = Release|x86
		{D7BCECEA-F770-4CFC-BA43-EB34A2639951}.Debug|x86.ActiveCfg = Debug|x86
		{D7BCECEA-F770-4CFC-BA43-EB34A2639951}.Debug|x86.Build.0 = Debug|x86
		{D7BCECEA-F770-4CFC-BA43-EB34A2639951}.Release|x86.ActiveCfg = Release|x86
		{D7BCECEA-F770-4CFC-BA43-EB34A2639951}.Release|x86.Build.0 = Release|x86
		{400F0014-160A-4D26-82B3-25A89B525D1C}.Debug|x86.ActiveCfg = Debug|x86
		{400F0014-160A-4D26-82B3-25A89B525D1C}.Debug|x86.Build.0 = Debug|x86
		{400F0014-160A-4D26-82B3-25A89B525D1C}.Release|x86.ActiveCfg = Release|x86
		{400F0014-160A-4D26-82B3-25A89B525D1C}.Release|x86.Build.0 = Release|x86
		{96CA8810-5B34-47A7-8253-EDCA42FA02C4}.Debug|x86.ActiveCfg = Debug|x86
		{96CA8810-5B34-47A7-8253-EDCA42FA02C4}.Debug|x86.Build.0 = Debug|x86
		{96CA8810-5B34-47A7-8253-EDCA42FA02C4}.Release|x86.ActiveCfg = Release|x86
		{96CA8810-5B34-47A7-8253-EDCA42FA02C4}.Release|x86.Build.0 = Release|x86
		{00462F13-F999-46DD-87A6-79123A3E678C}.Debug|x86.ActiveCfg = Debug|x86
		{00462F13-F999-46DD-87A6-79123A3E678C}.Debug|x86.Build.0 = Debug|x86
		{00462F13-F999-46DD-87A6-79123A3E678C}.Release|x86.ActiveCfg = Release|x86
		{00462F13-F999-46DD-87A6-79123A3E678C}.Release|x86.Build.0 = Release|x86
		{3839C551-04FA-4691-AD29-22213D3D41FA}.Debug|x86.ActiveCfg = Debug|x86
		{3839C551-04FA-4691-AD29-22213D3D41FA}.Debug|x86.Build.0 = Debug|x86
		{3839C551-04FA-4691-AD29-22213D3D41FA}.Release|x86.ActiveCfg = Release|x86
		{3839C551-04FA-4691-AD29-22213D3D41FA}.Release|x86.Build.0 = Release|x86
		{F13FB210-8C6E-4566-9612-42AE6DE93A3E}.Debug|x86.ActiveCfg = Debug|x86
		{F13FB210-8C6E-4566-9612-42AE6DE93A3E}.Debug|x86.Build.0 = Debug|x86
		{F13FB210-8C6E-4566-9612-42AE6DE93A3E}.Release|x86.ActiveCfg = Release|x86
		{F13FB210-8C6E-4566-9612-42AE6DE93A3E}.Release|x86.Build.0 = Release|x86
		{2EDB8591-B05E-4083-BFC2-FA8404807C3C}.Debug|x86.ActiveCfg = Debug|x86
		{2EDB8591-B05E-4083-BFC2-FA8404807C3C}.Debug|x86.Build.0 = Debug|x86
		{2EDB8591-B05E-4083-BFC2-FA8404807C3C}.Release|x86.ActiveCfg = Release|x86
		{2EDB8591-B05E-4083-BFC2-FA8404807C3C}.Release|x86.Build.0 = Release|x86
		{7AFCF1B4-C1C3-4769-B35E-D8C434317773}.Debug|x86.ActiveCfg = Debug|x86
		{7AFCF1B4-C1C3-4769-B35E-D8C434317773}.Debug|x86.Build.0 = Debug|x86
		{7AFCF1B4-C1C3-4769-B35E-D8C434317773}.Release|x86.ActiveCfg = Release|x86
		{7AFCF1B4-C1C3-4769-B35E-D8C434317773}.Release|x86.Build.0 = Release|x86
		{86446A5F-B43E-4449-B30C-E626B5A1ABD5}.Debug|x86.ActiveCfg = Debug|x86
		{86446A5F-B43E-4449-B30C-E626B5A1ABD5}.Debug|x86.Build.0 = Debug|x86
		{86446A5F-B43E-4449-B30C-E626B5A1ABD5}.Release|x86.ActiveCfg = Release|x86
		{86446A5F-B43E-4449-B30C-E626B5A1ABD5}.Release|x86.Build.0 = Release|x86
		{1A9E977D-F935-4AA6-818C-ED44E59DCE1A}.Debug|x86.ActiveCfg = Debug|x86
		{1A9E977D-F935-4AA6-818C-ED44E59DCE1A}.Debug|x86.Build.0 = Debug|x86
		{1A9E977D-F935-4AA6-818C-ED44E59DCE1A}.Release|x86.ActiveCfg = Release|x86
		{1A9E977D-F935-4AA6-818C-ED44E59DCE1A}.Release|x86.Build.0 = Release|x86
		{795DAD05-8002-4741-9EFC-1740C44F930D}.Debug|x86.ActiveCfg = Debug|x86
		{795DAD05-8002-4741-9EFC-1740C44F930D}.Debug|x86.Build.0 = Debug|x86
		{795DAD05-8002-4741-9EFC-1740C44F930D}.Release|x86.ActiveCfg = Release|x86
		{795DAD05-8002-4741-9EFC-1740C44F930D}.Release|x86.Build.0 = Release|x86
		{748C2F11-7470-42D9-9878-B4C77456F482}.Debug|x86.ActiveCfg = Debug|x86
		{748C2F11-7470-42D9-9878-B4C77456F482}.Debug|x86.Build.0 = Debug|x86
		{748C2F11-7470-42D9-9878-B4C77456F482}.Release|x86.ActiveCfg = Release|x86
		{748C2F11-7470-42D9-9878-B4C77456F482}.Release|x86.Build.0 = Release|x86
		{B9E62B7F-0820-44C1-A025-D6D13E058CDF}.Debug|x86.ActiveCfg = Debug|x86
		{B9E62B7F-0820-44C1-A025-D6D13E058CDF}.Debug|x86.Build.0 = Debug|x86
		{B9E62B7F-0820-44C1-A025-D6D13E058CDF}.Release|x86.ActiveCfg = Release|x86
		{B9E62B7F-0820-44C1-A025-D6D13E058CDF}.Release|x86.Build.0 = Release|x86
		{78B913A3-17CE-4302-BD3A-74315F0D954D}.Debug|x86.ActiveCfg = Debug|x86
		{78B913A3-17CE-4302-BD3A-74315F0D954D}.Debug|x86.Build.0 = Debug|x86
		{78B913A3-17CE-4302-BD3A-74315F0D954D}.Release|x86.ActiveCfg = Release|x86
		{78B913A3-17CE-4302-BD3A-74315F0D954D}.Release|x86.Build.0 = Release|x86
		{2164D12E-7B5F-46AC-97FD-97D15C327F6D}.Debug|x86.ActiveCfg = Debug|x86
		{2164D12E-7B5F-46AC-97FD-97D15C327F6D}.Debug|x86.Build.0 = Debug|x86
		{2164D12E-7B5F-46AC-97FD-97D15C327F6D}.Release|x86.ActiveCfg = Release|x86
		{2164D12E-7B5F-46AC-97FD-97D15C327F6D}.Release|x86.Build.0 = Release|x86
		{53AA21C4-4B2A-42EC-8345-1A6B281B826A}.Debug|x86.ActiveCfg = Debug|x86
		{53AA21C4-4B2A-42EC-8345-1A6B281B826A}.Debug|x86.Build.0 = Debug|x86
		{53AA21C4-4B2A-42EC-8345-1A6B281B826A}.Release|x86.ActiveCfg = Release|x86
		{53AA21C4-4B2A-42EC-8345-1A6B281B826A}.Release|x86.Build.0 = Release|x86
		{671C7421-0844-4925-BD52-F7F6736817D7}.Debug|x86.ActiveCfg = Debug|x86
		{671C7421-0844-4925-BD52-F7F6736817D7}.Debug|x86.Build.0 = Debug|x86
		{671C7421-0844-4925-BD52-F7F6736817D7}.Release|x86.ActiveCfg = Release|x86
		{671C7421-0844-4925-BD52-F7F6736817D7}.Release|x86.Build.0 = Release|x86
		{69CCAEA8-2B04-43AD-8DB6-5A1F246FD1EC}.Debug|x86.ActiveCfg = Debug|x86
		{69CCAEA8-2B04-43AD-8DB6-5A1F246FD1EC}.Debug|x86.Build.0 = Debug|x86
		{69CCAEA8-2B04-43AD-8DB6-5A1F246FD1EC}.Release|x86.ActiveCfg = Release|x86
		{69CCAEA8-2B04-43AD-8DB6-5A1F246FD1EC}.Release|x86.Build.0 = Release|x86
		{D683743A-8F1D-4950-BCA9-7CFAA743BD48}.Debug|x86.ActiveCfg = Debug|x86
		{D683743A-8F1D-4950-BCA9-7CFAA743BD48}.Debug|x86.Build.0 = Debug|x86
		{D683743A-8F1D-4950-BCA9-7CFAA743BD48}.Release|x86.ActiveCfg = Release|x86
		{D683743A-8F1D-4950-BCA9-7CFAA743BD48}.Release|x86.Build.0 = Release|x86
		{61D8CF34-1FD7-4A01-BEC1-1A8E8050A9C6}.Debug|x86.ActiveCfg = Debug|Win32
		{61D8CF34-1FD7-4A01-BEC1-1A8E8050A9C6}.Debug|x86.Build.0 = Debug|Win32
		{61D8CF34-1FD7-4A01-BEC1-1A8E8050A9C6}.Release|x86.ActiveCfg = Release|Win32
		{61D8CF34-1FD7-4A01-BEC1-1A8E8050A9C6}.Release|x86.Build.0 = Release|Win32
		{B5BD832D-2D08-4C8A-87AE-A5D73CB0C701}.Debug|x86.ActiveCfg = Debug|x86
		{B5BD832D-2D08-4C8A-87AE-A5D73CB0C701}.Debug|x86.Build.0 = Debug|x86
		{B5BD832D-2D08-4C8A-87AE-A5D73CB0C701}.Release|x86.ActiveCfg = Release|x86
		{B5BD832D-2D08-4C8A-87AE-A5D73CB0C701}.Release|x86.Build.0 = Release|x86
		{7247C596-F8D7-486B-8A45-73F7042BE9E5}.Debug|x86.ActiveCfg = Debug|x86
		{7247C596-F8D7-486B-8A45-73F7042BE9E5}.Debug|x86.Build.0 = Debug|x86
		{7247C596-F8D7-486B-8A45-73F7042BE9E5}.Release|x86.ActiveCfg = Release|x86
		{7247C596-F8D7-486B-8A45-73F7042BE9E5}.Release|x86.Build.0 = Release|x86
		{2AF6718C-338F-4640-98AE-3ABAB70BE0AB}.Debug|x86.ActiveCfg = Debug|x86
		{2AF6718C-338F-4640-98AE-3ABAB70BE0AB}.Debug|x86.Build.0 = Debug|x86
		{2AF6718C-338F-4640-98AE-3ABAB70BE0AB}.Release|x86.ActiveCfg = Release|x86
		{2AF6718C-338F-4640-98AE-3ABAB70BE0AB}.Release|x86.Build.0 = Release|x86
		{B51501CE-B28F-48C9-9E9A-DFDF00C4B29B}.Debug|x86.ActiveCfg = Debug|x86
		{B51501CE-B28F-48C9-9E9A-DFDF00C4B29B}.Debug|x86.Build.0 = Debug|x86
		{B51501CE-B28F-48C9-9E9A-DFDF00C4B29B}.Release|x86.ActiveCfg = Release|x86
		{B51501CE-B28F-48C9-9E9A-DFDF00C4B29B}.Release|x86.Build.0 = Release|x86
		{31863596-C369-42E7-8D97-F91020E4AE4E}.Debug|x86.ActiveCfg = Debug|x86
		{31863596-C369-42E7-8D97-F91020E4AE4E}.Debug|x86.Build.0 = Debug|x86
		{31863596-C369-42E7-8D97-F91020E4AE4E}.Release|x86.ActiveCfg = Release|x86
		{31863596-C369-42E7-8D97-F91020E4AE4E}.Release|x86.Build.0 = Release|x86
		{AFFE67E8-B2A2-46EF-8050-BD212CF4C482}.Debug|x86.ActiveCfg = Debug|x86
		{AFFE67E8-B2A2-46EF-8050-BD212CF4C482}.Debug|x86.Build.0 = Debug|x86
		{AFFE67E8-B2A2-46EF-8050-BD212CF4C482}.Release|x86.ActiveCfg = Release|x86
		{AFFE67E8-B2A2-46EF-8050-BD212CF4C482}.Release|x86.Build.0 = Release|x86
		{418FC9FD-26B9-4125-8B49-E3672BE37B09}.Debug|x86.ActiveCfg = Debug|x86
		{418FC9FD-26B9-4125-8B49-E3672BE37B09}.Debug|x86.Build.0 = Debug|x86
		{418FC9FD-26B9-4125-8B49-E3672BE37B09}.Release|x86.ActiveCfg = Release|x86
		{418FC9FD-26B9-4125-8B49-E3672BE37B09}.Release|x86.Build.0 = Release|x86
		{12AA74DD-DB52-4198-BC44-CF5BA2DEF3C0}.Debug|x86.ActiveCfg = Debug|x86
		{12AA74DD-DB52-4198-BC44-CF5BA2DEF3C0}.Debug|x86.Build.0 = Debug|x86
		{12AA74DD-DB52-4198-BC44-CF5BA2DEF3C0}.Release|x86.ActiveCfg = Release|x86
		{12AA74DD-DB52-4198-BC44-CF5BA2DEF3C0}.Release|x86.Build.0 = Release|x86
		{71E4AC85-322D-4E42-B0C4-EFCAE99C353A}.Debug|x86.ActiveCfg = Debug|x86
		{71E4AC85-322D-4E42-B0C4-EFCAE99C353A}.Debug|x86.Build.0 = Debug|x86
		{71E4AC85-322D-4E42-B0C4-EFCAE99C353A}.Release|x86.ActiveCfg = Release|x86
		{71E4AC85-322D-4E42-B0C4-EFCAE99C353A}.Release|x86.Build.0 = Release|x86
		{5B32DCEE-FBC1-4329-8664-292BDEC99E53}.Debug|x86.ActiveCfg = Debug|x86
		{5B32DCEE-FBC1-4329-8664-292BDEC99E53}.Debug|x86.Build.0 = Debug|x86
		{5B32DCEE-FBC1-4329-8664-292BDEC99E53}.Release|x86.ActiveCfg = Release|x86
		{5B32DCEE-FBC1-4329-8664-292BDEC99E53}.Release|x86.Build.0 = Release|x86
		{8F6D35B4-E5E1-4A8F-BDEF-6E1B484098D0}.Debug|x86.ActiveCfg = Debug|x86
		{8F6D35B4-E5E1-4A8F-BDEF-6E1B484098D0}.Debug|x86.Build.0 = Debug|x86
		{8F6D35B4-E5E1-4A8F-BDEF-6E1B484098D0}.Release|x86.ActiveCfg = Release|x86
		{8F6D35B4-E5E1-4A8F-BDEF-6E1B484098D0}.Release|x86.Build.0 = Release|x86
		{B659556F-0E93-4EEC-B404-0CAAF3436F03}.Debug|x86.ActiveCfg = Debug|x86
		{B659556F-0E93-4EEC-B404-0CAAF3436F03}.Debug|x86.Build.0 = Debug|x86
		{B659556F-0E93-4EEC-B404-0CAAF3436F03}.Release|x86.ActiveCfg = Release|x86
		{B659556F-0E93-4EEC-B404-0CAAF3436F03}.Release|x86.Build.0 = Release|x86
	EndGlobalSection
	GlobalSection(SolutionProperties) = preSolution
		HideSolutionNode = FALSE
	EndGlobalSection
EndGlobal
